
Microsoft Visual Studio Solution File, Format Version 12.00
# Visual Studio Version 17
VisualStudioVersion = 17.3.32901.215
MinimumVisualStudioVersion = 10.0.40219.1
Project("{FAE04EC0-301F-11D3-BF4B-00C04F79EFBC}") = "WebApiPrueba1", "WebApiPrueba1\WebApiPrueba1.csproj", "{00DCE4A0-01A8-4768-99DC-DC5EBF201EFE}"
EndProject
Global
	GlobalSection(SolutionConfigurationPlatforms) = preSolution
		Debug|Any CPU = Debug|Any CPU
		Release|Any CPU = Release|Any CPU
	EndGlobalSection
	GlobalSection(ProjectConfigurationPlatforms) = postSolution
		{00DCE4A0-01A8-4768-99DC-DC5EBF201EFE}.Debug|Any CPU.ActiveCfg = Debug|Any CPU
		{00DCE4A0-01A8-4768-99DC-DC5EBF201EFE}.Debug|Any CPU.Build.0 = Debug|Any CPU
		{00DCE4A0-01A8-4768-99DC-DC5EBF201EFE}.Release|Any CPU.ActiveCfg = Release|Any CPU
		{00DCE4A0-01A8-4768-99DC-DC5EBF201EFE}.Release|Any CPU.Build.0 = Release|Any CPU
	EndGlobalSection
	GlobalSection(SolutionProperties) = preSolution
		HideSolutionNode = FALSE
	EndGlobalSection
	GlobalSection(ExtensibilityGlobals) = postSolution
		SolutionGuid = {1D1345C5-6B79-4BDA-9848-7F3A8DD40855}
	EndGlobalSection
EndGlobal
